
Microsoft Visual Studio Solution File, Format Version 12.00
# Visual Studio Version 17
VisualStudioVersion = 17.14.36603.0
MinimumVisualStudioVersion = 10.0.40219.1
Project("{FAE04EC0-301F-11D3-BF4B-00C04F79EFBC}") = "ConsoleApp_SchoolManager", "ConsoleApp_SchoolManager\ConsoleApp_SchoolManager.csproj", "{92723E1A-AF6F-4067-BAFB-E513C4962C43}"
EndProject
Project("{FAE04EC0-301F-11D3-BF4B-00C04F79EFBC}") = "Figure_classes", "Figure_classes\Figure_classes.csproj", "{0F131E6A-66BF-A199-0B74-5FB5362A1C1A}"
EndProject
Project("{FAE04EC0-301F-11D3-BF4B-00C04F79EFBC}") = "Demo", "Demo\Demo.csproj", "{D1CCB24F-A868-F185-9228-8CC249247C79}"
EndProject
Global
	GlobalSection(SolutionConfigurationPlatforms) = preSolution
		Debug|Any CPU = Debug|Any CPU
		Release|Any CPU = Release|Any CPU
	EndGlobalSection
	GlobalSection(ProjectConfigurationPlatforms) = postSolution
		{92723E1A-AF6F-4067-BAFB-E513C4962C43}.Debug|Any CPU.ActiveCfg = Debug|Any CPU
		{92723E1A-AF6F-4067-BAFB-E513C4962C43}.Debug|Any CPU.Build.0 = Debug|Any CPU
		{92723E1A-AF6F-4067-BAFB-E513C4962C43}.Release|Any CPU.ActiveCfg = Release|Any CPU
		{92723E1A-AF6F-4067-BAFB-E513C4962C43}.Release|Any CPU.Build.0 = Release|Any CPU
		{0F131E6A-66BF-A199-0B74-5FB5362A1C1A}.Debug|Any CPU.ActiveCfg = Debug|Any CPU
		{0F131E6A-66BF-A199-0B74-5FB5362A1C1A}.Debug|Any CPU.Build.0 = Debug|Any CPU
		{0F131E6A-66BF-A199-0B74-5FB5362A1C1A}.Release|Any CPU.ActiveCfg = Release|Any CPU
		{0F131E6A-66BF-A199-0B74-5FB5362A1C1A}.Release|Any CPU.Build.0 = Release|Any CPU
		{D1CCB24F-A868-F185-9228-8CC249247C79}.Debug|Any CPU.ActiveCfg = Debug|Any CPU
		{D1CCB24F-A868-F185-9228-8CC249247C79}.Debug|Any CPU.Build.0 = Debug|Any CPU
		{D1CCB24F-A868-F185-9228-8CC249247C79}.Release|Any CPU.ActiveCfg = Release|Any CPU
		{D1CCB24F-A868-F185-9228-8CC249247C79}.Release|Any CPU.Build.0 = Release|Any CPU
	EndGlobalSection
	GlobalSection(SolutionProperties) = preSolution
		HideSolutionNode = FALSE
	EndGlobalSection
	GlobalSection(ExtensibilityGlobals) = postSolution
		SolutionGuid = {9183313E-DEE8-4772-86A3-78B5CE965753}
	EndGlobalSection
EndGlobal
